// !$*UTF8*$!
{
	archiveVersion = 1;
	classes = {
	};
	objectVersion = 56;
	objects = {

/* Begin PBXBuildFile section */
		440C30F62CA6A8080083DFF2 /* LicenseView.swift in Sources */ = {isa = PBXBuildFile; fileRef = 440C30F52CA6A8080083DFF2 /* LicenseView.swift */; };
		440C30F82CA6ABD70083DFF2 /* License.swift in Sources */ = {isa = PBXBuildFile; fileRef = 440C30F72CA6ABD70083DFF2 /* License.swift */; };
		440C30FB2CA6B4580083DFF2 /* MITLicenseView.swift in Sources */ = {isa = PBXBuildFile; fileRef = 440C30FA2CA6B4580083DFF2 /* MITLicenseView.swift */; };
		440C30FD2CA6BAF40083DFF2 /* ApacheLicenseView.swift in Sources */ = {isa = PBXBuildFile; fileRef = 440C30FC2CA6BAF40083DFF2 /* ApacheLicenseView.swift */; };
		440C31002CA7F7E80083DFF2 /* InfoPlist.strings in Resources */ = {isa = PBXBuildFile; fileRef = 440C30FE2CA7F7E80083DFF2 /* InfoPlist.strings */; };
		440C31042CA882690083DFF2 /* Launch Screen.storyboard in Resources */ = {isa = PBXBuildFile; fileRef = 440C31032CA882690083DFF2 /* Launch Screen.storyboard */; };
		444DE6372CC63B3C00821269 /* WidgetKit.framework in Frameworks */ = {isa = PBXBuildFile; fileRef = 444DE6362CC63B3C00821269 /* WidgetKit.framework */; };
		444DE6392CC63B3C00821269 /* SwiftUI.framework in Frameworks */ = {isa = PBXBuildFile; fileRef = 444DE6382CC63B3C00821269 /* SwiftUI.framework */; };
		444DE63C2CC63B3C00821269 /* ToDoMeongBasicWidgetBundle.swift in Sources */ = {isa = PBXBuildFile; fileRef = 444DE63B2CC63B3C00821269 /* ToDoMeongBasicWidgetBundle.swift */; };
		444DE63E2CC63B3C00821269 /* ToDoMeongBasicWidget.swift in Sources */ = {isa = PBXBuildFile; fileRef = 444DE63D2CC63B3C00821269 /* ToDoMeongBasicWidget.swift */; };
		444DE6402CC63B3D00821269 /* Assets.xcassets in Resources */ = {isa = PBXBuildFile; fileRef = 444DE63F2CC63B3D00821269 /* Assets.xcassets */; };
		444DE6442CC63B3D00821269 /* ToDoMeongBasicWidgetExtension.appex in Embed Foundation Extensions */ = {isa = PBXBuildFile; fileRef = 444DE6342CC63B3C00821269 /* ToDoMeongBasicWidgetExtension.appex */; settings = {ATTRIBUTES = (RemoveHeadersOnCopy, ); }; };
		444DE64F2CC6405A00821269 /* Localizable.xcstrings in Resources */ = {isa = PBXBuildFile; fileRef = 448960272CA2EACF00410DA7 /* Localizable.xcstrings */; };
		44895FFC2C9C36D900410DA7 /* DetailPhotoView.swift in Sources */ = {isa = PBXBuildFile; fileRef = 44895FFB2C9C36D900410DA7 /* DetailPhotoView.swift */; };
		44895FFF2C9C734D00410DA7 /* CalendarTodoView.swift in Sources */ = {isa = PBXBuildFile; fileRef = 44895FFE2C9C734D00410DA7 /* CalendarTodoView.swift */; };
		448960022C9C85AB00410DA7 /* FSCalendar in Frameworks */ = {isa = PBXBuildFile; productRef = 448960012C9C85AB00410DA7 /* FSCalendar */; };
		448960042C9C862000410DA7 /* FSCalendarView.swift in Sources */ = {isa = PBXBuildFile; fileRef = 448960032C9C862000410DA7 /* FSCalendarView.swift */; };
		448960062CA00A0500410DA7 /* CalendarTodoViewModel.swift in Sources */ = {isa = PBXBuildFile; fileRef = 448960052CA00A0500410DA7 /* CalendarTodoViewModel.swift */; };
		448960242CA1B7E700410DA7 /* SettingView.swift in Sources */ = {isa = PBXBuildFile; fileRef = 448960232CA1B7E700410DA7 /* SettingView.swift */; };
		448960282CA2EACF00410DA7 /* Localizable.xcstrings in Resources */ = {isa = PBXBuildFile; fileRef = 448960272CA2EACF00410DA7 /* Localizable.xcstrings */; };
		4489602A2CA2EB7100410DA7 /* String+Extension.swift in Sources */ = {isa = PBXBuildFile; fileRef = 448960292CA2EB7100410DA7 /* String+Extension.swift */; };
		44A02E732CA59FFB003EE911 /* TabViewManager.swift in Sources */ = {isa = PBXBuildFile; fileRef = 44A02E722CA59FFB003EE911 /* TabViewManager.swift */; };
		44A02E752CA5AF21003EE911 /* WillAppearModifier.swift in Sources */ = {isa = PBXBuildFile; fileRef = 44A02E742CA5AF21003EE911 /* WillAppearModifier.swift */; };
		44A02E772CA5AFA3003EE911 /* WillDisappearModifier.swift in Sources */ = {isa = PBXBuildFile; fileRef = 44A02E762CA5AFA3003EE911 /* WillDisappearModifier.swift */; };
		44A02E792CA5AFE7003EE911 /* UIViewLifeCycleHandler.swift in Sources */ = {isa = PBXBuildFile; fileRef = 44A02E782CA5AFE7003EE911 /* UIViewLifeCycleHandler.swift */; };
		44AE6AD72CA422BA00087907 /* SettingViewModel.swift in Sources */ = {isa = PBXBuildFile; fileRef = 44AE6AD62CA422BA00087907 /* SettingViewModel.swift */; };
		44AE6AD92CA4262900087907 /* Setting.swift in Sources */ = {isa = PBXBuildFile; fileRef = 44AE6AD82CA4262900087907 /* Setting.swift */; };
		44AE6ADF2CA45A9E00087907 /* ThemeSettingDetailView.swift in Sources */ = {isa = PBXBuildFile; fileRef = 44AE6ADE2CA45A9E00087907 /* ThemeSettingDetailView.swift */; };
		44AE6AE22CA4709900087907 /* MailView.swift in Sources */ = {isa = PBXBuildFile; fileRef = 44AE6AE12CA4709900087907 /* MailView.swift */; };
		44ED3AC72C92E3F200E3E9CF /* ToDoMeongApp.swift in Sources */ = {isa = PBXBuildFile; fileRef = 44ED3AC62C92E3F200E3E9CF /* ToDoMeongApp.swift */; };
		44ED3AC92C92E3F200E3E9CF /* TodoView.swift in Sources */ = {isa = PBXBuildFile; fileRef = 44ED3AC82C92E3F200E3E9CF /* TodoView.swift */; };
		44ED3ACB2C92E3F300E3E9CF /* Assets.xcassets in Resources */ = {isa = PBXBuildFile; fileRef = 44ED3ACA2C92E3F300E3E9CF /* Assets.xcassets */; };
		44ED3ACE2C92E3F300E3E9CF /* Preview Assets.xcassets in Resources */ = {isa = PBXBuildFile; fileRef = 44ED3ACD2C92E3F300E3E9CF /* Preview Assets.xcassets */; };
		44ED3AD82C92E45600E3E9CF /* .gitignore in Resources */ = {isa = PBXBuildFile; fileRef = 44ED3AD72C92E45600E3E9CF /* .gitignore */; };
		44ED3ADC2C92E51B00E3E9CF /* Constant.swift in Sources */ = {isa = PBXBuildFile; fileRef = 44ED3ADB2C92E51B00E3E9CF /* Constant.swift */; };
		44ED3ADE2C92EA7C00E3E9CF /* MainTabView.swift in Sources */ = {isa = PBXBuildFile; fileRef = 44ED3ADD2C92EA7C00E3E9CF /* MainTabView.swift */; };
		44ED3AE22C92EF1900E3E9CF /* Jalnan2.otf in Resources */ = {isa = PBXBuildFile; fileRef = 44ED3AE02C92EF1900E3E9CF /* Jalnan2.otf */; };
		44ED3AE32C92EF1900E3E9CF /* Jalnan2TTF.ttf in Resources */ = {isa = PBXBuildFile; fileRef = 44ED3AE12C92EF1900E3E9CF /* Jalnan2TTF.ttf */; };
		44ED3AE72C94328F00E3E9CF /* NavigationLazyView.swift in Sources */ = {isa = PBXBuildFile; fileRef = 44ED3AE62C94328F00E3E9CF /* NavigationLazyView.swift */; };
		44ED3AEA2C94336000E3E9CF /* Date+Extension.swift in Sources */ = {isa = PBXBuildFile; fileRef = 44ED3AE92C94336000E3E9CF /* Date+Extension.swift */; };
		44ED3AED2C9435D300E3E9CF /* TmoneyRoundWindRegular.otf in Resources */ = {isa = PBXBuildFile; fileRef = 44ED3AEB2C9435D300E3E9CF /* TmoneyRoundWindRegular.otf */; };
		44ED3AEE2C9435D300E3E9CF /* TmoneyRoundWindExtraBold.otf in Resources */ = {isa = PBXBuildFile; fileRef = 44ED3AEC2C9435D300E3E9CF /* TmoneyRoundWindExtraBold.otf */; };
		44ED3AF02C943EA100E3E9CF /* TodoRowView.swift in Sources */ = {isa = PBXBuildFile; fileRef = 44ED3AEF2C943EA100E3E9CF /* TodoRowView.swift */; };
		44ED3AF32C94B27700E3E9CF /* HapticManager.swift in Sources */ = {isa = PBXBuildFile; fileRef = 44ED3AF22C94B27700E3E9CF /* HapticManager.swift */; };
		44ED3AF52C9583C900E3E9CF /* CustomTabView.swift in Sources */ = {isa = PBXBuildFile; fileRef = 44ED3AF42C9583C900E3E9CF /* CustomTabView.swift */; };
		44ED3AF82C95D40C00E3E9CF /* AddTodoView.swift in Sources */ = {isa = PBXBuildFile; fileRef = 44ED3AF72C95D40C00E3E9CF /* AddTodoView.swift */; };
		44ED3AFB2C97269F00E3E9CF /* PopupView in Frameworks */ = {isa = PBXBuildFile; productRef = 44ED3AFA2C97269F00E3E9CF /* PopupView */; };
		44ED3AFF2C973E2B00E3E9CF /* UIApplication+Extension.swift in Sources */ = {isa = PBXBuildFile; fileRef = 44ED3AFE2C973E2B00E3E9CF /* UIApplication+Extension.swift */; };
		44ED3B052C97F81B00E3E9CF /* RealmSwift in Frameworks */ = {isa = PBXBuildFile; productRef = 44ED3B042C97F81B00E3E9CF /* RealmSwift */; };
		44ED3B062C97F8B500E3E9CF /* RealmSwift in Embed Frameworks */ = {isa = PBXBuildFile; productRef = 44ED3B042C97F81B00E3E9CF /* RealmSwift */; settings = {ATTRIBUTES = (CodeSignOnCopy, ); }; };
		44ED3B0B2C98039800E3E9CF /* Todo.swift in Sources */ = {isa = PBXBuildFile; fileRef = 44ED3B0A2C98039800E3E9CF /* Todo.swift */; };
		44ED3B0D2C9812C000E3E9CF /* DogMessageBubbleView.swift in Sources */ = {isa = PBXBuildFile; fileRef = 44ED3B0C2C9812C000E3E9CF /* DogMessageBubbleView.swift */; };
		44ED3B102C9823E400E3E9CF /* OnChangeWrapper.swift in Sources */ = {isa = PBXBuildFile; fileRef = 44ED3B0F2C9823E400E3E9CF /* OnChangeWrapper.swift */; };
		44ED3B122C98282900E3E9CF /* AddEditCompleteToastView.swift in Sources */ = {isa = PBXBuildFile; fileRef = 44ED3B112C98282900E3E9CF /* AddEditCompleteToastView.swift */; };
		44ED3B152C986D4C00E3E9CF /* ViewModelType.swift in Sources */ = {isa = PBXBuildFile; fileRef = 44ED3B142C986D4C00E3E9CF /* ViewModelType.swift */; };
		44ED3B172C986D7000E3E9CF /* TodoViewModel.swift in Sources */ = {isa = PBXBuildFile; fileRef = 44ED3B162C986D7000E3E9CF /* TodoViewModel.swift */; };
		44ED3B192C9874D900E3E9CF /* TodoRepository.swift in Sources */ = {isa = PBXBuildFile; fileRef = 44ED3B182C9874D900E3E9CF /* TodoRepository.swift */; };
		44ED3B1B2C987FCB00E3E9CF /* AddEditFailToastView.swift in Sources */ = {isa = PBXBuildFile; fileRef = 44ED3B1A2C987FCA00E3E9CF /* AddEditFailToastView.swift */; };
		44ED3B1D2C98876E00E3E9CF /* AddTodoViewModel.swift in Sources */ = {isa = PBXBuildFile; fileRef = 44ED3B1C2C98876E00E3E9CF /* AddTodoViewModel.swift */; };
		44ED3B202C99159600E3E9CF /* EditTodoView.swift in Sources */ = {isa = PBXBuildFile; fileRef = 44ED3B1F2C99159600E3E9CF /* EditTodoView.swift */; };
		44ED3B222C9920A800E3E9CF /* EditTodoViewModel.swift in Sources */ = {isa = PBXBuildFile; fileRef = 44ED3B212C9920A800E3E9CF /* EditTodoViewModel.swift */; };
		44ED3B242C9C16B300E3E9CF /* PhotoPicker.swift in Sources */ = {isa = PBXBuildFile; fileRef = 44ED3B232C9C16B300E3E9CF /* PhotoPicker.swift */; };
		44ED3B262C9C225400E3E9CF /* ImageFileManager.swift in Sources */ = {isa = PBXBuildFile; fileRef = 44ED3B252C9C225400E3E9CF /* ImageFileManager.swift */; };
/* End PBXBuildFile section */

/* Begin PBXContainerItemProxy section */
		444DE6422CC63B3D00821269 /* PBXContainerItemProxy */ = {
			isa = PBXContainerItemProxy;
			containerPortal = 44ED3ABB2C92E3F200E3E9CF /* Project object */;
			proxyType = 1;
			remoteGlobalIDString = 444DE6332CC63B3C00821269;
			remoteInfo = ToDoMeongBasicWidgetExtension;
		};
/* End PBXContainerItemProxy section */

/* Begin PBXCopyFilesBuildPhase section */
		444DE6452CC63B3D00821269 /* Embed Foundation Extensions */ = {
			isa = PBXCopyFilesBuildPhase;
			buildActionMask = 2147483647;
			dstPath = "";
			dstSubfolderSpec = 13;
			files = (
				444DE6442CC63B3D00821269 /* ToDoMeongBasicWidgetExtension.appex in Embed Foundation Extensions */,
			);
			name = "Embed Foundation Extensions";
			runOnlyForDeploymentPostprocessing = 0;
		};
		44ED3B072C97F8B500E3E9CF /* Embed Frameworks */ = {
			isa = PBXCopyFilesBuildPhase;
			buildActionMask = 2147483647;
			dstPath = "";
			dstSubfolderSpec = 10;
			files = (
				44ED3B062C97F8B500E3E9CF /* RealmSwift in Embed Frameworks */,
			);
			name = "Embed Frameworks";
			runOnlyForDeploymentPostprocessing = 0;
		};
/* End PBXCopyFilesBuildPhase section */

/* Begin PBXFileReference section */
		440C30F52CA6A8080083DFF2 /* LicenseView.swift */ = {isa = PBXFileReference; lastKnownFileType = sourcecode.swift; path = LicenseView.swift; sourceTree = "<group>"; };
		440C30F72CA6ABD70083DFF2 /* License.swift */ = {isa = PBXFileReference; lastKnownFileType = sourcecode.swift; path = License.swift; sourceTree = "<group>"; };
		440C30FA2CA6B4580083DFF2 /* MITLicenseView.swift */ = {isa = PBXFileReference; lastKnownFileType = sourcecode.swift; path = MITLicenseView.swift; sourceTree = "<group>"; };
		440C30FC2CA6BAF40083DFF2 /* ApacheLicenseView.swift */ = {isa = PBXFileReference; lastKnownFileType = sourcecode.swift; path = ApacheLicenseView.swift; sourceTree = "<group>"; };
		440C30FF2CA7F7E80083DFF2 /* en */ = {isa = PBXFileReference; lastKnownFileType = text.plist.strings; name = en; path = en.lproj/InfoPlist.strings; sourceTree = "<group>"; };
		440C31012CA7F7F80083DFF2 /* ja */ = {isa = PBXFileReference; lastKnownFileType = text.plist.strings; name = ja; path = ja.lproj/InfoPlist.strings; sourceTree = "<group>"; };
		440C31022CA7F7F90083DFF2 /* ko */ = {isa = PBXFileReference; lastKnownFileType = text.plist.strings; name = ko; path = ko.lproj/InfoPlist.strings; sourceTree = "<group>"; };
		440C31032CA882690083DFF2 /* Launch Screen.storyboard */ = {isa = PBXFileReference; lastKnownFileType = file.storyboard; path = "Launch Screen.storyboard"; sourceTree = "<group>"; };
		444DE6342CC63B3C00821269 /* ToDoMeongBasicWidgetExtension.appex */ = {isa = PBXFileReference; explicitFileType = "wrapper.app-extension"; includeInIndex = 0; path = ToDoMeongBasicWidgetExtension.appex; sourceTree = BUILT_PRODUCTS_DIR; };
		444DE6362CC63B3C00821269 /* WidgetKit.framework */ = {isa = PBXFileReference; lastKnownFileType = wrapper.framework; name = WidgetKit.framework; path = System/Library/Frameworks/WidgetKit.framework; sourceTree = SDKROOT; };
		444DE6382CC63B3C00821269 /* SwiftUI.framework */ = {isa = PBXFileReference; lastKnownFileType = wrapper.framework; name = SwiftUI.framework; path = System/Library/Frameworks/SwiftUI.framework; sourceTree = SDKROOT; };
		444DE63B2CC63B3C00821269 /* ToDoMeongBasicWidgetBundle.swift */ = {isa = PBXFileReference; lastKnownFileType = sourcecode.swift; path = ToDoMeongBasicWidgetBundle.swift; sourceTree = "<group>"; };
		444DE63D2CC63B3C00821269 /* ToDoMeongBasicWidget.swift */ = {isa = PBXFileReference; lastKnownFileType = sourcecode.swift; path = ToDoMeongBasicWidget.swift; sourceTree = "<group>"; };
		444DE63F2CC63B3D00821269 /* Assets.xcassets */ = {isa = PBXFileReference; lastKnownFileType = folder.assetcatalog; path = Assets.xcassets; sourceTree = "<group>"; };
		444DE6412CC63B3D00821269 /* Info.plist */ = {isa = PBXFileReference; lastKnownFileType = text.plist.xml; path = Info.plist; sourceTree = "<group>"; };
		444DE6492CC63B9F00821269 /* ToDoMeong.entitlements */ = {isa = PBXFileReference; lastKnownFileType = text.plist.entitlements; path = ToDoMeong.entitlements; sourceTree = "<group>"; };
		444DE64A2CC63BB700821269 /* ToDoMeongBasicWidgetExtension.entitlements */ = {isa = PBXFileReference; lastKnownFileType = text.plist.entitlements; path = ToDoMeongBasicWidgetExtension.entitlements; sourceTree = "<group>"; };
		44895FFB2C9C36D900410DA7 /* DetailPhotoView.swift */ = {isa = PBXFileReference; lastKnownFileType = sourcecode.swift; path = DetailPhotoView.swift; sourceTree = "<group>"; };
		44895FFE2C9C734D00410DA7 /* CalendarTodoView.swift */ = {isa = PBXFileReference; lastKnownFileType = sourcecode.swift; path = CalendarTodoView.swift; sourceTree = "<group>"; };
		448960032C9C862000410DA7 /* FSCalendarView.swift */ = {isa = PBXFileReference; lastKnownFileType = sourcecode.swift; path = FSCalendarView.swift; sourceTree = "<group>"; };
		448960052CA00A0500410DA7 /* CalendarTodoViewModel.swift */ = {isa = PBXFileReference; lastKnownFileType = sourcecode.swift; path = CalendarTodoViewModel.swift; sourceTree = "<group>"; };
		448960232CA1B7E700410DA7 /* SettingView.swift */ = {isa = PBXFileReference; lastKnownFileType = sourcecode.swift; path = SettingView.swift; sourceTree = "<group>"; };
		448960272CA2EACF00410DA7 /* Localizable.xcstrings */ = {isa = PBXFileReference; lastKnownFileType = text.json.xcstrings; path = Localizable.xcstrings; sourceTree = "<group>"; };
		448960292CA2EB7100410DA7 /* String+Extension.swift */ = {isa = PBXFileReference; lastKnownFileType = sourcecode.swift; path = "String+Extension.swift"; sourceTree = "<group>"; };
		44A02E722CA59FFB003EE911 /* TabViewManager.swift */ = {isa = PBXFileReference; lastKnownFileType = sourcecode.swift; path = TabViewManager.swift; sourceTree = "<group>"; };
		44A02E742CA5AF21003EE911 /* WillAppearModifier.swift */ = {isa = PBXFileReference; lastKnownFileType = sourcecode.swift; path = WillAppearModifier.swift; sourceTree = "<group>"; };
		44A02E762CA5AFA3003EE911 /* WillDisappearModifier.swift */ = {isa = PBXFileReference; lastKnownFileType = sourcecode.swift; path = WillDisappearModifier.swift; sourceTree = "<group>"; };
		44A02E782CA5AFE7003EE911 /* UIViewLifeCycleHandler.swift */ = {isa = PBXFileReference; lastKnownFileType = sourcecode.swift; path = UIViewLifeCycleHandler.swift; sourceTree = "<group>"; };
		44AE6AD62CA422BA00087907 /* SettingViewModel.swift */ = {isa = PBXFileReference; lastKnownFileType = sourcecode.swift; path = SettingViewModel.swift; sourceTree = "<group>"; };
		44AE6AD82CA4262900087907 /* Setting.swift */ = {isa = PBXFileReference; lastKnownFileType = sourcecode.swift; path = Setting.swift; sourceTree = "<group>"; };
		44AE6ADE2CA45A9E00087907 /* ThemeSettingDetailView.swift */ = {isa = PBXFileReference; lastKnownFileType = sourcecode.swift; path = ThemeSettingDetailView.swift; sourceTree = "<group>"; };
		44AE6AE12CA4709900087907 /* MailView.swift */ = {isa = PBXFileReference; lastKnownFileType = sourcecode.swift; path = MailView.swift; sourceTree = "<group>"; };
		44ED3AC32C92E3F200E3E9CF /* ToDoMeong.app */ = {isa = PBXFileReference; explicitFileType = wrapper.application; includeInIndex = 0; path = ToDoMeong.app; sourceTree = BUILT_PRODUCTS_DIR; };
		44ED3AC62C92E3F200E3E9CF /* ToDoMeongApp.swift */ = {isa = PBXFileReference; lastKnownFileType = sourcecode.swift; path = ToDoMeongApp.swift; sourceTree = "<group>"; };
		44ED3AC82C92E3F200E3E9CF /* TodoView.swift */ = {isa = PBXFileReference; lastKnownFileType = sourcecode.swift; path = TodoView.swift; sourceTree = "<group>"; };
		44ED3ACA2C92E3F300E3E9CF /* Assets.xcassets */ = {isa = PBXFileReference; lastKnownFileType = folder.assetcatalog; path = Assets.xcassets; sourceTree = "<group>"; };
		44ED3ACD2C92E3F300E3E9CF /* Preview Assets.xcassets */ = {isa = PBXFileReference; lastKnownFileType = folder.assetcatalog; path = "Preview Assets.xcassets"; sourceTree = "<group>"; };
		44ED3AD72C92E45600E3E9CF /* .gitignore */ = {isa = PBXFileReference; lastKnownFileType = text; path = .gitignore; sourceTree = "<group>"; };
		44ED3ADB2C92E51B00E3E9CF /* Constant.swift */ = {isa = PBXFileReference; lastKnownFileType = sourcecode.swift; path = Constant.swift; sourceTree = "<group>"; };
		44ED3ADD2C92EA7C00E3E9CF /* MainTabView.swift */ = {isa = PBXFileReference; lastKnownFileType = sourcecode.swift; path = MainTabView.swift; sourceTree = "<group>"; };
		44ED3AE02C92EF1900E3E9CF /* Jalnan2.otf */ = {isa = PBXFileReference; lastKnownFileType = file; path = Jalnan2.otf; sourceTree = "<group>"; };
		44ED3AE12C92EF1900E3E9CF /* Jalnan2TTF.ttf */ = {isa = PBXFileReference; lastKnownFileType = file; path = Jalnan2TTF.ttf; sourceTree = "<group>"; };
		44ED3AE42C92EFC500E3E9CF /* Info.plist */ = {isa = PBXFileReference; lastKnownFileType = text.plist.xml; path = Info.plist; sourceTree = "<group>"; };
		44ED3AE62C94328F00E3E9CF /* NavigationLazyView.swift */ = {isa = PBXFileReference; lastKnownFileType = sourcecode.swift; path = NavigationLazyView.swift; sourceTree = "<group>"; };
		44ED3AE92C94336000E3E9CF /* Date+Extension.swift */ = {isa = PBXFileReference; lastKnownFileType = sourcecode.swift; path = "Date+Extension.swift"; sourceTree = "<group>"; };
		44ED3AEB2C9435D300E3E9CF /* TmoneyRoundWindRegular.otf */ = {isa = PBXFileReference; lastKnownFileType = file; path = TmoneyRoundWindRegular.otf; sourceTree = "<group>"; };
		44ED3AEC2C9435D300E3E9CF /* TmoneyRoundWindExtraBold.otf */ = {isa = PBXFileReference; lastKnownFileType = file; path = TmoneyRoundWindExtraBold.otf; sourceTree = "<group>"; };
		44ED3AEF2C943EA100E3E9CF /* TodoRowView.swift */ = {isa = PBXFileReference; lastKnownFileType = sourcecode.swift; path = TodoRowView.swift; sourceTree = "<group>"; };
		44ED3AF22C94B27700E3E9CF /* HapticManager.swift */ = {isa = PBXFileReference; lastKnownFileType = sourcecode.swift; path = HapticManager.swift; sourceTree = "<group>"; };
		44ED3AF42C9583C900E3E9CF /* CustomTabView.swift */ = {isa = PBXFileReference; lastKnownFileType = sourcecode.swift; path = CustomTabView.swift; sourceTree = "<group>"; };
		44ED3AF72C95D40C00E3E9CF /* AddTodoView.swift */ = {isa = PBXFileReference; lastKnownFileType = sourcecode.swift; path = AddTodoView.swift; sourceTree = "<group>"; };
		44ED3AFE2C973E2B00E3E9CF /* UIApplication+Extension.swift */ = {isa = PBXFileReference; lastKnownFileType = sourcecode.swift; path = "UIApplication+Extension.swift"; sourceTree = "<group>"; };
		44ED3B0A2C98039800E3E9CF /* Todo.swift */ = {isa = PBXFileReference; lastKnownFileType = sourcecode.swift; path = Todo.swift; sourceTree = "<group>"; };
		44ED3B0C2C9812C000E3E9CF /* DogMessageBubbleView.swift */ = {isa = PBXFileReference; lastKnownFileType = sourcecode.swift; path = DogMessageBubbleView.swift; sourceTree = "<group>"; };
		44ED3B0F2C9823E400E3E9CF /* OnChangeWrapper.swift */ = {isa = PBXFileReference; lastKnownFileType = sourcecode.swift; path = OnChangeWrapper.swift; sourceTree = "<group>"; };
		44ED3B112C98282900E3E9CF /* AddEditCompleteToastView.swift */ = {isa = PBXFileReference; lastKnownFileType = sourcecode.swift; path = AddEditCompleteToastView.swift; sourceTree = "<group>"; };
		44ED3B142C986D4C00E3E9CF /* ViewModelType.swift */ = {isa = PBXFileReference; lastKnownFileType = sourcecode.swift; path = ViewModelType.swift; sourceTree = "<group>"; };
		44ED3B162C986D7000E3E9CF /* TodoViewModel.swift */ = {isa = PBXFileReference; lastKnownFileType = sourcecode.swift; path = TodoViewModel.swift; sourceTree = "<group>"; };
		44ED3B182C9874D900E3E9CF /* TodoRepository.swift */ = {isa = PBXFileReference; lastKnownFileType = sourcecode.swift; path = TodoRepository.swift; sourceTree = "<group>"; };
		44ED3B1A2C987FCA00E3E9CF /* AddEditFailToastView.swift */ = {isa = PBXFileReference; lastKnownFileType = sourcecode.swift; path = AddEditFailToastView.swift; sourceTree = "<group>"; };
		44ED3B1C2C98876E00E3E9CF /* AddTodoViewModel.swift */ = {isa = PBXFileReference; lastKnownFileType = sourcecode.swift; path = AddTodoViewModel.swift; sourceTree = "<group>"; };
		44ED3B1F2C99159600E3E9CF /* EditTodoView.swift */ = {isa = PBXFileReference; lastKnownFileType = sourcecode.swift; path = EditTodoView.swift; sourceTree = "<group>"; };
		44ED3B212C9920A800E3E9CF /* EditTodoViewModel.swift */ = {isa = PBXFileReference; lastKnownFileType = sourcecode.swift; path = EditTodoViewModel.swift; sourceTree = "<group>"; };
		44ED3B232C9C16B300E3E9CF /* PhotoPicker.swift */ = {isa = PBXFileReference; lastKnownFileType = sourcecode.swift; path = PhotoPicker.swift; sourceTree = "<group>"; };
		44ED3B252C9C225400E3E9CF /* ImageFileManager.swift */ = {isa = PBXFileReference; lastKnownFileType = sourcecode.swift; path = ImageFileManager.swift; sourceTree = "<group>"; };
/* End PBXFileReference section */

/* Begin PBXFrameworksBuildPhase section */
		444DE6312CC63B3C00821269 /* Frameworks */ = {
			isa = PBXFrameworksBuildPhase;
			buildActionMask = 2147483647;
			files = (
				444DE6392CC63B3C00821269 /* SwiftUI.framework in Frameworks */,
				444DE6372CC63B3C00821269 /* WidgetKit.framework in Frameworks */,
			);
			runOnlyForDeploymentPostprocessing = 0;
		};
		44ED3AC02C92E3F200E3E9CF /* Frameworks */ = {
			isa = PBXFrameworksBuildPhase;
			buildActionMask = 2147483647;
			files = (
				44ED3B052C97F81B00E3E9CF /* RealmSwift in Frameworks */,
				448960022C9C85AB00410DA7 /* FSCalendar in Frameworks */,
				44ED3AFB2C97269F00E3E9CF /* PopupView in Frameworks */,
			);
			runOnlyForDeploymentPostprocessing = 0;
		};
/* End PBXFrameworksBuildPhase section */

/* Begin PBXGroup section */
		440C30F92CA6AC650083DFF2 /* License */ = {
			isa = PBXGroup;
			children = (
				440C30F52CA6A8080083DFF2 /* LicenseView.swift */,
				440C30FA2CA6B4580083DFF2 /* MITLicenseView.swift */,
				440C30FC2CA6BAF40083DFF2 /* ApacheLicenseView.swift */,
			);
			path = License;
			sourceTree = "<group>";
		};
		444DE6352CC63B3C00821269 /* Frameworks */ = {
			isa = PBXGroup;
			children = (
				444DE6362CC63B3C00821269 /* WidgetKit.framework */,
				444DE6382CC63B3C00821269 /* SwiftUI.framework */,
			);
			name = Frameworks;
			sourceTree = "<group>";
		};
		444DE63A2CC63B3C00821269 /* ToDoMeongBasicWidget */ = {
			isa = PBXGroup;
			children = (
				444DE63B2CC63B3C00821269 /* ToDoMeongBasicWidgetBundle.swift */,
				444DE63D2CC63B3C00821269 /* ToDoMeongBasicWidget.swift */,
				444DE63F2CC63B3D00821269 /* Assets.xcassets */,
				444DE6412CC63B3D00821269 /* Info.plist */,
			);
			path = ToDoMeongBasicWidget;
			sourceTree = "<group>";
		};
		44895FFD2C9C731100410DA7 /* Calendar */ = {
			isa = PBXGroup;
			children = (
				448960052CA00A0500410DA7 /* CalendarTodoViewModel.swift */,
				44895FFE2C9C734D00410DA7 /* CalendarTodoView.swift */,
				448960032C9C862000410DA7 /* FSCalendarView.swift */,
			);
			path = Calendar;
			sourceTree = "<group>";
		};
		448960222CA1B7CC00410DA7 /* Setting */ = {
			isa = PBXGroup;
			children = (
				44AE6AD62CA422BA00087907 /* SettingViewModel.swift */,
				448960232CA1B7E700410DA7 /* SettingView.swift */,
				44AE6AE12CA4709900087907 /* MailView.swift */,
				44AE6AE02CA45AEA00087907 /* ThemeSetting */,
				440C30F92CA6AC650083DFF2 /* License */,
			);
			path = Setting;
			sourceTree = "<group>";
		};
		44AE6AE02CA45AEA00087907 /* ThemeSetting */ = {
			isa = PBXGroup;
			children = (
				44AE6ADE2CA45A9E00087907 /* ThemeSettingDetailView.swift */,
			);
			path = ThemeSetting;
			sourceTree = "<group>";
		};
		44ED3ABA2C92E3F200E3E9CF = {
			isa = PBXGroup;
			children = (
				444DE64A2CC63BB700821269 /* ToDoMeongBasicWidgetExtension.entitlements */,
				44ED3AD72C92E45600E3E9CF /* .gitignore */,
				44ED3AC52C92E3F200E3E9CF /* ToDoMeong */,
				444DE63A2CC63B3C00821269 /* ToDoMeongBasicWidget */,
				444DE6352CC63B3C00821269 /* Frameworks */,
				44ED3AC42C92E3F200E3E9CF /* Products */,
			);
			sourceTree = "<group>";
		};
		44ED3AC42C92E3F200E3E9CF /* Products */ = {
			isa = PBXGroup;
			children = (
				44ED3AC32C92E3F200E3E9CF /* ToDoMeong.app */,
				444DE6342CC63B3C00821269 /* ToDoMeongBasicWidgetExtension.appex */,
			);
			name = Products;
			sourceTree = "<group>";
		};
		44ED3AC52C92E3F200E3E9CF /* ToDoMeong */ = {
			isa = PBXGroup;
			children = (
				444DE6492CC63B9F00821269 /* ToDoMeong.entitlements */,
				44ED3AD62C92E41000E3E9CF /* Application */,
				44ED3ADA2C92E4C100E3E9CF /* Common */,
				44ED3B002C97F70D00E3E9CF /* Service */,
				44ED3B022C97F7AD00E3E9CF /* Model */,
				44ED3AD52C92E40400E3E9CF /* Presentation */,
				44ED3AD42C92E3FA00E3E9CF /* Resource */,
			);
			path = ToDoMeong;
			sourceTree = "<group>";
		};
		44ED3ACC2C92E3F300E3E9CF /* Preview Content */ = {
			isa = PBXGroup;
			children = (
				44ED3ACD2C92E3F300E3E9CF /* Preview Assets.xcassets */,
			);
			path = "Preview Content";
			sourceTree = "<group>";
		};
		44ED3AD42C92E3FA00E3E9CF /* Resource */ = {
			isa = PBXGroup;
			children = (
				448960272CA2EACF00410DA7 /* Localizable.xcstrings */,
				44ED3ADF2C92EF0900E3E9CF /* Font */,
				44ED3AE42C92EFC500E3E9CF /* Info.plist */,
				44ED3ACA2C92E3F300E3E9CF /* Assets.xcassets */,
				44ED3ACC2C92E3F300E3E9CF /* Preview Content */,
				440C30FE2CA7F7E80083DFF2 /* InfoPlist.strings */,
				440C31032CA882690083DFF2 /* Launch Screen.storyboard */,
			);
			path = Resource;
			sourceTree = "<group>";
		};
		44ED3AD52C92E40400E3E9CF /* Presentation */ = {
			isa = PBXGroup;
			children = (
				44ED3ADD2C92EA7C00E3E9CF /* MainTabView.swift */,
				44ED3AF12C94ADFE00E3E9CF /* Todo */,
				44895FFD2C9C731100410DA7 /* Calendar */,
				448960222CA1B7CC00410DA7 /* Setting */,
			);
			path = Presentation;
			sourceTree = "<group>";
		};
		44ED3AD62C92E41000E3E9CF /* Application */ = {
			isa = PBXGroup;
			children = (
				44ED3AC62C92E3F200E3E9CF /* ToDoMeongApp.swift */,
			);
			path = Application;
			sourceTree = "<group>";
		};
		44ED3ADA2C92E4C100E3E9CF /* Common */ = {
			isa = PBXGroup;
			children = (
				44ED3B132C986D3F00E3E9CF /* Protocols */,
				44ED3B0E2C9823C200E3E9CF /* CustomModifiers */,
				44ED3AE52C94327C00E3E9CF /* CustomViews */,
				44ED3AE82C94334300E3E9CF /* Extensions */,
				44ED3ADB2C92E51B00E3E9CF /* Constant.swift */,
				44ED3AF22C94B27700E3E9CF /* HapticManager.swift */,
				44ED3B252C9C225400E3E9CF /* ImageFileManager.swift */,
				44A02E722CA59FFB003EE911 /* TabViewManager.swift */,
			);
			name = Common;
			sourceTree = "<group>";
		};
		44ED3ADF2C92EF0900E3E9CF /* Font */ = {
			isa = PBXGroup;
			children = (
				44ED3AE02C92EF1900E3E9CF /* Jalnan2.otf */,
				44ED3AE12C92EF1900E3E9CF /* Jalnan2TTF.ttf */,
				44ED3AEC2C9435D300E3E9CF /* TmoneyRoundWindExtraBold.otf */,
				44ED3AEB2C9435D300E3E9CF /* TmoneyRoundWindRegular.otf */,
			);
			path = Font;
			sourceTree = "<group>";
		};
		44ED3AE52C94327C00E3E9CF /* CustomViews */ = {
			isa = PBXGroup;
			children = (
				44ED3AE62C94328F00E3E9CF /* NavigationLazyView.swift */,
				44ED3AF42C9583C900E3E9CF /* CustomTabView.swift */,
				44ED3B0C2C9812C000E3E9CF /* DogMessageBubbleView.swift */,
				44ED3B112C98282900E3E9CF /* AddEditCompleteToastView.swift */,
				44ED3B1A2C987FCA00E3E9CF /* AddEditFailToastView.swift */,
				44A02E782CA5AFE7003EE911 /* UIViewLifeCycleHandler.swift */,
			);
			name = CustomViews;
			sourceTree = "<group>";
		};
		44ED3AE82C94334300E3E9CF /* Extensions */ = {
			isa = PBXGroup;
			children = (
				44ED3AE92C94336000E3E9CF /* Date+Extension.swift */,
				44ED3AFE2C973E2B00E3E9CF /* UIApplication+Extension.swift */,
				448960292CA2EB7100410DA7 /* String+Extension.swift */,
			);
			name = Extensions;
			sourceTree = "<group>";
		};
		44ED3AF12C94ADFE00E3E9CF /* Todo */ = {
			isa = PBXGroup;
			children = (
				44ED3B162C986D7000E3E9CF /* TodoViewModel.swift */,
				44ED3AC82C92E3F200E3E9CF /* TodoView.swift */,
				44ED3AEF2C943EA100E3E9CF /* TodoRowView.swift */,
				44895FFB2C9C36D900410DA7 /* DetailPhotoView.swift */,
				44ED3AF62C95D3F400E3E9CF /* Add */,
				44ED3B1E2C99156800E3E9CF /* Edit */,
			);
			path = Todo;
			sourceTree = "<group>";
		};
		44ED3AF62C95D3F400E3E9CF /* Add */ = {
			isa = PBXGroup;
			children = (
				44ED3B1C2C98876E00E3E9CF /* AddTodoViewModel.swift */,
				44ED3AF72C95D40C00E3E9CF /* AddTodoView.swift */,
			);
			path = Add;
			sourceTree = "<group>";
		};
		44ED3B002C97F70D00E3E9CF /* Service */ = {
			isa = PBXGroup;
			children = (
				44ED3B012C97F7A600E3E9CF /* Database */,
			);
			name = Service;
			sourceTree = "<group>";
		};
		44ED3B012C97F7A600E3E9CF /* Database */ = {
			isa = PBXGroup;
			children = (
				44ED3B182C9874D900E3E9CF /* TodoRepository.swift */,
			);
			name = Database;
			sourceTree = "<group>";
		};
		44ED3B022C97F7AD00E3E9CF /* Model */ = {
			isa = PBXGroup;
			children = (
				44ED3B0A2C98039800E3E9CF /* Todo.swift */,
				44AE6AD82CA4262900087907 /* Setting.swift */,
				440C30F72CA6ABD70083DFF2 /* License.swift */,
			);
			path = Model;
			sourceTree = "<group>";
		};
		44ED3B0E2C9823C200E3E9CF /* CustomModifiers */ = {
			isa = PBXGroup;
			children = (
				44ED3B0F2C9823E400E3E9CF /* OnChangeWrapper.swift */,
				44A02E742CA5AF21003EE911 /* WillAppearModifier.swift */,
				44A02E762CA5AFA3003EE911 /* WillDisappearModifier.swift */,
			);
			name = CustomModifiers;
			sourceTree = "<group>";
		};
		44ED3B132C986D3F00E3E9CF /* Protocols */ = {
			isa = PBXGroup;
			children = (
				44ED3B142C986D4C00E3E9CF /* ViewModelType.swift */,
			);
			name = Protocols;
			sourceTree = "<group>";
		};
		44ED3B1E2C99156800E3E9CF /* Edit */ = {
			isa = PBXGroup;
			children = (
				44ED3B212C9920A800E3E9CF /* EditTodoViewModel.swift */,
				44ED3B1F2C99159600E3E9CF /* EditTodoView.swift */,
				44ED3B232C9C16B300E3E9CF /* PhotoPicker.swift */,
			);
			path = Edit;
			sourceTree = "<group>";
		};
/* End PBXGroup section */

/* Begin PBXNativeTarget section */
		444DE6332CC63B3C00821269 /* ToDoMeongBasicWidgetExtension */ = {
			isa = PBXNativeTarget;
			buildConfigurationList = 444DE6482CC63B3D00821269 /* Build configuration list for PBXNativeTarget "ToDoMeongBasicWidgetExtension" */;
			buildPhases = (
				444DE6302CC63B3C00821269 /* Sources */,
				444DE6312CC63B3C00821269 /* Frameworks */,
				444DE6322CC63B3C00821269 /* Resources */,
			);
			buildRules = (
			);
			dependencies = (
			);
			name = ToDoMeongBasicWidgetExtension;
			productName = ToDoMeongBasicWidgetExtension;
			productReference = 444DE6342CC63B3C00821269 /* ToDoMeongBasicWidgetExtension.appex */;
			productType = "com.apple.product-type.app-extension";
		};
		44ED3AC22C92E3F200E3E9CF /* ToDoMeong */ = {
			isa = PBXNativeTarget;
			buildConfigurationList = 44ED3AD12C92E3F300E3E9CF /* Build configuration list for PBXNativeTarget "ToDoMeong" */;
			buildPhases = (
				44ED3ABF2C92E3F200E3E9CF /* Sources */,
				44ED3AC02C92E3F200E3E9CF /* Frameworks */,
				44ED3AC12C92E3F200E3E9CF /* Resources */,
				44ED3B072C97F8B500E3E9CF /* Embed Frameworks */,
				444DE6452CC63B3D00821269 /* Embed Foundation Extensions */,
			);
			buildRules = (
			);
			dependencies = (
				444DE6432CC63B3D00821269 /* PBXTargetDependency */,
			);
			name = ToDoMeong;
			packageProductDependencies = (
				44ED3AFA2C97269F00E3E9CF /* PopupView */,
				44ED3B042C97F81B00E3E9CF /* RealmSwift */,
				448960012C9C85AB00410DA7 /* FSCalendar */,
			);
			productName = ToDoMeong;
			productReference = 44ED3AC32C92E3F200E3E9CF /* ToDoMeong.app */;
			productType = "com.apple.product-type.application";
		};
/* End PBXNativeTarget section */

/* Begin PBXProject section */
		44ED3ABB2C92E3F200E3E9CF /* Project object */ = {
			isa = PBXProject;
			attributes = {
				BuildIndependentTargetsInParallel = 1;
				LastSwiftUpdateCheck = 1530;
				LastUpgradeCheck = 1530;
				TargetAttributes = {
					444DE6332CC63B3C00821269 = {
						CreatedOnToolsVersion = 15.3;
					};
					44ED3AC22C92E3F200E3E9CF = {
						CreatedOnToolsVersion = 15.3;
					};
				};
			};
			buildConfigurationList = 44ED3ABE2C92E3F200E3E9CF /* Build configuration list for PBXProject "ToDoMeong" */;
			compatibilityVersion = "Xcode 14.0";
			developmentRegion = en;
			hasScannedForEncodings = 0;
			knownRegions = (
				en,
				Base,
				ko,
				ja,
			);
			mainGroup = 44ED3ABA2C92E3F200E3E9CF;
			packageReferences = (
				44ED3AF92C97269F00E3E9CF /* XCRemoteSwiftPackageReference "PopupView" */,
				44ED3B032C97F81B00E3E9CF /* XCRemoteSwiftPackageReference "realm-swift" */,
				448960002C9C85AB00410DA7 /* XCRemoteSwiftPackageReference "FSCalendar" */,
			);
			productRefGroup = 44ED3AC42C92E3F200E3E9CF /* Products */;
			projectDirPath = "";
			projectRoot = "";
			targets = (
				44ED3AC22C92E3F200E3E9CF /* ToDoMeong */,
				444DE6332CC63B3C00821269 /* ToDoMeongBasicWidgetExtension */,
			);
		};
/* End PBXProject section */

/* Begin PBXResourcesBuildPhase section */
		444DE6322CC63B3C00821269 /* Resources */ = {
			isa = PBXResourcesBuildPhase;
			buildActionMask = 2147483647;
			files = (
				444DE6402CC63B3D00821269 /* Assets.xcassets in Resources */,
				444DE64F2CC6405A00821269 /* Localizable.xcstrings in Resources */,
			);
			runOnlyForDeploymentPostprocessing = 0;
		};
		44ED3AC12C92E3F200E3E9CF /* Resources */ = {
			isa = PBXResourcesBuildPhase;
			buildActionMask = 2147483647;
			files = (
				44ED3AE22C92EF1900E3E9CF /* Jalnan2.otf in Resources */,
				44ED3ACE2C92E3F300E3E9CF /* Preview Assets.xcassets in Resources */,
				448960282CA2EACF00410DA7 /* Localizable.xcstrings in Resources */,
				44ED3AD82C92E45600E3E9CF /* .gitignore in Resources */,
				44ED3ACB2C92E3F300E3E9CF /* Assets.xcassets in Resources */,
				44ED3AE32C92EF1900E3E9CF /* Jalnan2TTF.ttf in Resources */,
				44ED3AEE2C9435D300E3E9CF /* TmoneyRoundWindExtraBold.otf in Resources */,
				440C31002CA7F7E80083DFF2 /* InfoPlist.strings in Resources */,
				440C31042CA882690083DFF2 /* Launch Screen.storyboard in Resources */,
				44ED3AED2C9435D300E3E9CF /* TmoneyRoundWindRegular.otf in Resources */,
			);
			runOnlyForDeploymentPostprocessing = 0;
		};
/* End PBXResourcesBuildPhase section */

/* Begin PBXSourcesBuildPhase section */
		444DE6302CC63B3C00821269 /* Sources */ = {
			isa = PBXSourcesBuildPhase;
			buildActionMask = 2147483647;
			files = (
				444DE63C2CC63B3C00821269 /* ToDoMeongBasicWidgetBundle.swift in Sources */,
				444DE63E2CC63B3C00821269 /* ToDoMeongBasicWidget.swift in Sources */,
			);
			runOnlyForDeploymentPostprocessing = 0;
		};
		44ED3ABF2C92E3F200E3E9CF /* Sources */ = {
			isa = PBXSourcesBuildPhase;
			buildActionMask = 2147483647;
			files = (
				44895FFC2C9C36D900410DA7 /* DetailPhotoView.swift in Sources */,
				440C30FB2CA6B4580083DFF2 /* MITLicenseView.swift in Sources */,
				44AE6AD72CA422BA00087907 /* SettingViewModel.swift in Sources */,
				44ED3B1B2C987FCB00E3E9CF /* AddEditFailToastView.swift in Sources */,
				448960062CA00A0500410DA7 /* CalendarTodoViewModel.swift in Sources */,
				44ED3AC92C92E3F200E3E9CF /* TodoView.swift in Sources */,
				44ED3AC72C92E3F200E3E9CF /* ToDoMeongApp.swift in Sources */,
				44AE6AD92CA4262900087907 /* Setting.swift in Sources */,
				44ED3AF32C94B27700E3E9CF /* HapticManager.swift in Sources */,
				44ED3B1D2C98876E00E3E9CF /* AddTodoViewModel.swift in Sources */,
				44895FFF2C9C734D00410DA7 /* CalendarTodoView.swift in Sources */,
				44ED3AF02C943EA100E3E9CF /* TodoRowView.swift in Sources */,
				44ED3AF82C95D40C00E3E9CF /* AddTodoView.swift in Sources */,
				44ED3B262C9C225400E3E9CF /* ImageFileManager.swift in Sources */,
				44ED3ADC2C92E51B00E3E9CF /* Constant.swift in Sources */,
				44ED3B122C98282900E3E9CF /* AddEditCompleteToastView.swift in Sources */,
				440C30FD2CA6BAF40083DFF2 /* ApacheLicenseView.swift in Sources */,
				44ED3AE72C94328F00E3E9CF /* NavigationLazyView.swift in Sources */,
				44A02E792CA5AFE7003EE911 /* UIViewLifeCycleHandler.swift in Sources */,
				44AE6ADF2CA45A9E00087907 /* ThemeSettingDetailView.swift in Sources */,
				448960042C9C862000410DA7 /* FSCalendarView.swift in Sources */,
				44ED3B222C9920A800E3E9CF /* EditTodoViewModel.swift in Sources */,
				44AE6AE22CA4709900087907 /* MailView.swift in Sources */,
				44ED3AF52C9583C900E3E9CF /* CustomTabView.swift in Sources */,
				44ED3B172C986D7000E3E9CF /* TodoViewModel.swift in Sources */,
				44ED3B242C9C16B300E3E9CF /* PhotoPicker.swift in Sources */,
				44A02E732CA59FFB003EE911 /* TabViewManager.swift in Sources */,
				440C30F62CA6A8080083DFF2 /* LicenseView.swift in Sources */,
				44ED3B0D2C9812C000E3E9CF /* DogMessageBubbleView.swift in Sources */,
				440C30F82CA6ABD70083DFF2 /* License.swift in Sources */,
				44ED3B102C9823E400E3E9CF /* OnChangeWrapper.swift in Sources */,
				44ED3AFF2C973E2B00E3E9CF /* UIApplication+Extension.swift in Sources */,
				44A02E752CA5AF21003EE911 /* WillAppearModifier.swift in Sources */,
				44ED3B152C986D4C00E3E9CF /* ViewModelType.swift in Sources */,
				44ED3ADE2C92EA7C00E3E9CF /* MainTabView.swift in Sources */,
				44ED3B0B2C98039800E3E9CF /* Todo.swift in Sources */,
				44ED3AEA2C94336000E3E9CF /* Date+Extension.swift in Sources */,
				44A02E772CA5AFA3003EE911 /* WillDisappearModifier.swift in Sources */,
				44ED3B192C9874D900E3E9CF /* TodoRepository.swift in Sources */,
				448960242CA1B7E700410DA7 /* SettingView.swift in Sources */,
				4489602A2CA2EB7100410DA7 /* String+Extension.swift in Sources */,
				44ED3B202C99159600E3E9CF /* EditTodoView.swift in Sources */,
			);
			runOnlyForDeploymentPostprocessing = 0;
		};
/* End PBXSourcesBuildPhase section */

/* Begin PBXTargetDependency section */
		444DE6432CC63B3D00821269 /* PBXTargetDependency */ = {
			isa = PBXTargetDependency;
			target = 444DE6332CC63B3C00821269 /* ToDoMeongBasicWidgetExtension */;
			targetProxy = 444DE6422CC63B3D00821269 /* PBXContainerItemProxy */;
		};
/* End PBXTargetDependency section */

/* Begin PBXVariantGroup section */
		440C30FE2CA7F7E80083DFF2 /* InfoPlist.strings */ = {
			isa = PBXVariantGroup;
			children = (
				440C30FF2CA7F7E80083DFF2 /* en */,
				440C31012CA7F7F80083DFF2 /* ja */,
				440C31022CA7F7F90083DFF2 /* ko */,
			);
			name = InfoPlist.strings;
			sourceTree = "<group>";
		};
/* End PBXVariantGroup section */

/* Begin XCBuildConfiguration section */
		444DE6462CC63B3D00821269 /* Debug */ = {
			isa = XCBuildConfiguration;
			buildSettings = {
				ASSETCATALOG_COMPILER_GLOBAL_ACCENT_COLOR_NAME = AccentColor;
				ASSETCATALOG_COMPILER_WIDGET_BACKGROUND_COLOR_NAME = WidgetBackground;
				CODE_SIGN_ENTITLEMENTS = ToDoMeongBasicWidgetExtension.entitlements;
				CODE_SIGN_STYLE = Automatic;
				CURRENT_PROJECT_VERSION = 1;
				DEVELOPMENT_TEAM = 9M37U587ZT;
				GENERATE_INFOPLIST_FILE = YES;
				INFOPLIST_FILE = ToDoMeongBasicWidget/Info.plist;
				INFOPLIST_KEY_CFBundleDisplayName = ToDoMeongBasicWidget;
				INFOPLIST_KEY_NSHumanReadableCopyright = "";
				IPHONEOS_DEPLOYMENT_TARGET = 16.0;
				LD_RUNPATH_SEARCH_PATHS = (
					"$(inherited)",
					"@executable_path/Frameworks",
					"@executable_path/../../Frameworks",
				);
				MARKETING_VERSION = 1.0;
				PRODUCT_BUNDLE_IDENTIFIER = com.daeyunkwon.ToDoMeong.ToDoMeongBasicWidget;
				PRODUCT_NAME = "$(TARGET_NAME)";
				SKIP_INSTALL = YES;
				SUPPORTED_PLATFORMS = "iphoneos iphonesimulator";
				SUPPORTS_MACCATALYST = NO;
				SUPPORTS_MAC_DESIGNED_FOR_IPHONE_IPAD = NO;
				SUPPORTS_XR_DESIGNED_FOR_IPHONE_IPAD = NO;
				SWIFT_EMIT_LOC_STRINGS = YES;
				SWIFT_VERSION = 5.0;
				TARGETED_DEVICE_FAMILY = 1;
			};
			name = Debug;
		};
		444DE6472CC63B3D00821269 /* Release */ = {
			isa = XCBuildConfiguration;
			buildSettings = {
				ASSETCATALOG_COMPILER_GLOBAL_ACCENT_COLOR_NAME = AccentColor;
				ASSETCATALOG_COMPILER_WIDGET_BACKGROUND_COLOR_NAME = WidgetBackground;
				CODE_SIGN_ENTITLEMENTS = ToDoMeongBasicWidgetExtension.entitlements;
				CODE_SIGN_STYLE = Automatic;
				CURRENT_PROJECT_VERSION = 1;
				DEVELOPMENT_TEAM = 9M37U587ZT;
				GENERATE_INFOPLIST_FILE = YES;
				INFOPLIST_FILE = ToDoMeongBasicWidget/Info.plist;
				INFOPLIST_KEY_CFBundleDisplayName = ToDoMeongBasicWidget;
				INFOPLIST_KEY_NSHumanReadableCopyright = "";
				IPHONEOS_DEPLOYMENT_TARGET = 16.0;
				LD_RUNPATH_SEARCH_PATHS = (
					"$(inherited)",
					"@executable_path/Frameworks",
					"@executable_path/../../Frameworks",
				);
				MARKETING_VERSION = 1.0;
				PRODUCT_BUNDLE_IDENTIFIER = com.daeyunkwon.ToDoMeong.ToDoMeongBasicWidget;
				PRODUCT_NAME = "$(TARGET_NAME)";
				SKIP_INSTALL = YES;
				SUPPORTED_PLATFORMS = "iphoneos iphonesimulator";
				SUPPORTS_MACCATALYST = NO;
				SUPPORTS_MAC_DESIGNED_FOR_IPHONE_IPAD = NO;
				SUPPORTS_XR_DESIGNED_FOR_IPHONE_IPAD = NO;
				SWIFT_EMIT_LOC_STRINGS = YES;
				SWIFT_VERSION = 5.0;
				TARGETED_DEVICE_FAMILY = 1;
			};
			name = Release;
		};
		44ED3ACF2C92E3F300E3E9CF /* Debug */ = {
			isa = XCBuildConfiguration;
			buildSettings = {
				ALWAYS_SEARCH_USER_PATHS = NO;
				ASSETCATALOG_COMPILER_GENERATE_SWIFT_ASSET_SYMBOL_EXTENSIONS = YES;
				CLANG_ANALYZER_NONNULL = YES;
				CLANG_ANALYZER_NUMBER_OBJECT_CONVERSION = YES_AGGRESSIVE;
				CLANG_CXX_LANGUAGE_STANDARD = "gnu++20";
				CLANG_ENABLE_MODULES = YES;
				CLANG_ENABLE_OBJC_ARC = YES;
				CLANG_ENABLE_OBJC_WEAK = YES;
				CLANG_WARN_BLOCK_CAPTURE_AUTORELEASING = YES;
				CLANG_WARN_BOOL_CONVERSION = YES;
				CLANG_WARN_COMMA = YES;
				CLANG_WARN_CONSTANT_CONVERSION = YES;
				CLANG_WARN_DEPRECATED_OBJC_IMPLEMENTATIONS = YES;
				CLANG_WARN_DIRECT_OBJC_ISA_USAGE = YES_ERROR;
				CLANG_WARN_DOCUMENTATION_COMMENTS = YES;
				CLANG_WARN_EMPTY_BODY = YES;
				CLANG_WARN_ENUM_CONVERSION = YES;
				CLANG_WARN_INFINITE_RECURSION = YES;
				CLANG_WARN_INT_CONVERSION = YES;
				CLANG_WARN_NON_LITERAL_NULL_CONVERSION = YES;
				CLANG_WARN_OBJC_IMPLICIT_RETAIN_SELF = YES;
				CLANG_WARN_OBJC_LITERAL_CONVERSION = YES;
				CLANG_WARN_OBJC_ROOT_CLASS = YES_ERROR;
				CLANG_WARN_QUOTED_INCLUDE_IN_FRAMEWORK_HEADER = YES;
				CLANG_WARN_RANGE_LOOP_ANALYSIS = YES;
				CLANG_WARN_STRICT_PROTOTYPES = YES;
				CLANG_WARN_SUSPICIOUS_MOVE = YES;
				CLANG_WARN_UNGUARDED_AVAILABILITY = YES_AGGRESSIVE;
				CLANG_WARN_UNREACHABLE_CODE = YES;
				CLANG_WARN__DUPLICATE_METHOD_MATCH = YES;
				COPY_PHASE_STRIP = NO;
				DEBUG_INFORMATION_FORMAT = dwarf;
				ENABLE_STRICT_OBJC_MSGSEND = YES;
				ENABLE_TESTABILITY = YES;
				ENABLE_USER_SCRIPT_SANDBOXING = YES;
				GCC_C_LANGUAGE_STANDARD = gnu17;
				GCC_DYNAMIC_NO_PIC = NO;
				GCC_NO_COMMON_BLOCKS = YES;
				GCC_OPTIMIZATION_LEVEL = 0;
				GCC_PREPROCESSOR_DEFINITIONS = (
					"DEBUG=1",
					"$(inherited)",
				);
				GCC_WARN_64_TO_32_BIT_CONVERSION = YES;
				GCC_WARN_ABOUT_RETURN_TYPE = YES_ERROR;
				GCC_WARN_UNDECLARED_SELECTOR = YES;
				GCC_WARN_UNINITIALIZED_AUTOS = YES_AGGRESSIVE;
				GCC_WARN_UNUSED_FUNCTION = YES;
				GCC_WARN_UNUSED_VARIABLE = YES;
				IPHONEOS_DEPLOYMENT_TARGET = 17.4;
				LOCALIZATION_PREFERS_STRING_CATALOGS = YES;
				MTL_ENABLE_DEBUG_INFO = INCLUDE_SOURCE;
				MTL_FAST_MATH = YES;
				ONLY_ACTIVE_ARCH = YES;
				SDKROOT = iphoneos;
				SWIFT_ACTIVE_COMPILATION_CONDITIONS = "DEBUG $(inherited)";
				SWIFT_OPTIMIZATION_LEVEL = "-Onone";
			};
			name = Debug;
		};
		44ED3AD02C92E3F300E3E9CF /* Release */ = {
			isa = XCBuildConfiguration;
			buildSettings = {
				ALWAYS_SEARCH_USER_PATHS = NO;
				ASSETCATALOG_COMPILER_GENERATE_SWIFT_ASSET_SYMBOL_EXTENSIONS = YES;
				CLANG_ANALYZER_NONNULL = YES;
				CLANG_ANALYZER_NUMBER_OBJECT_CONVERSION = YES_AGGRESSIVE;
				CLANG_CXX_LANGUAGE_STANDARD = "gnu++20";
				CLANG_ENABLE_MODULES = YES;
				CLANG_ENABLE_OBJC_ARC = YES;
				CLANG_ENABLE_OBJC_WEAK = YES;
				CLANG_WARN_BLOCK_CAPTURE_AUTORELEASING = YES;
				CLANG_WARN_BOOL_CONVERSION = YES;
				CLANG_WARN_COMMA = YES;
				CLANG_WARN_CONSTANT_CONVERSION = YES;
				CLANG_WARN_DEPRECATED_OBJC_IMPLEMENTATIONS = YES;
				CLANG_WARN_DIRECT_OBJC_ISA_USAGE = YES_ERROR;
				CLANG_WARN_DOCUMENTATION_COMMENTS = YES;
				CLANG_WARN_EMPTY_BODY = YES;
				CLANG_WARN_ENUM_CONVERSION = YES;
				CLANG_WARN_INFINITE_RECURSION = YES;
				CLANG_WARN_INT_CONVERSION = YES;
				CLANG_WARN_NON_LITERAL_NULL_CONVERSION = YES;
				CLANG_WARN_OBJC_IMPLICIT_RETAIN_SELF = YES;
				CLANG_WARN_OBJC_LITERAL_CONVERSION = YES;
				CLANG_WARN_OBJC_ROOT_CLASS = YES_ERROR;
				CLANG_WARN_QUOTED_INCLUDE_IN_FRAMEWORK_HEADER = YES;
				CLANG_WARN_RANGE_LOOP_ANALYSIS = YES;
				CLANG_WARN_STRICT_PROTOTYPES = YES;
				CLANG_WARN_SUSPICIOUS_MOVE = YES;
				CLANG_WARN_UNGUARDED_AVAILABILITY = YES_AGGRESSIVE;
				CLANG_WARN_UNREACHABLE_CODE = YES;
				CLANG_WARN__DUPLICATE_METHOD_MATCH = YES;
				COPY_PHASE_STRIP = NO;
				DEBUG_INFORMATION_FORMAT = "dwarf-with-dsym";
				ENABLE_NS_ASSERTIONS = NO;
				ENABLE_STRICT_OBJC_MSGSEND = YES;
				ENABLE_USER_SCRIPT_SANDBOXING = YES;
				GCC_C_LANGUAGE_STANDARD = gnu17;
				GCC_NO_COMMON_BLOCKS = YES;
				GCC_WARN_64_TO_32_BIT_CONVERSION = YES;
				GCC_WARN_ABOUT_RETURN_TYPE = YES_ERROR;
				GCC_WARN_UNDECLARED_SELECTOR = YES;
				GCC_WARN_UNINITIALIZED_AUTOS = YES_AGGRESSIVE;
				GCC_WARN_UNUSED_FUNCTION = YES;
				GCC_WARN_UNUSED_VARIABLE = YES;
				IPHONEOS_DEPLOYMENT_TARGET = 17.4;
				LOCALIZATION_PREFERS_STRING_CATALOGS = YES;
				MTL_ENABLE_DEBUG_INFO = NO;
				MTL_FAST_MATH = YES;
				SDKROOT = iphoneos;
				SWIFT_COMPILATION_MODE = wholemodule;
				VALIDATE_PRODUCT = YES;
			};
			name = Release;
		};
		44ED3AD22C92E3F300E3E9CF /* Debug */ = {
			isa = XCBuildConfiguration;
			buildSettings = {
				ALWAYS_EMBED_SWIFT_STANDARD_LIBRARIES = YES;
				ASSETCATALOG_COMPILER_APPICON_NAME = AppIcon;
				ASSETCATALOG_COMPILER_GLOBAL_ACCENT_COLOR_NAME = AccentColor;
				CODE_SIGN_ENTITLEMENTS = ToDoMeong/ToDoMeong.entitlements;
				CODE_SIGN_STYLE = Automatic;
				CURRENT_PROJECT_VERSION = 2;
				DEVELOPMENT_ASSET_PATHS = "\"ToDoMeong/Resource/Preview Content\"";
				DEVELOPMENT_TEAM = 9M37U587ZT;
				ENABLE_PREVIEWS = YES;
				GENERATE_INFOPLIST_FILE = YES;
				INFOPLIST_FILE = ToDoMeong/Resource/Info.plist;
				INFOPLIST_KEY_CFBundleDisplayName = ToDoMeong;
				INFOPLIST_KEY_UIApplicationSceneManifest_Generation = YES;
				INFOPLIST_KEY_UIApplicationSupportsIndirectInputEvents = YES;
				INFOPLIST_KEY_UILaunchStoryboardName = "Launch Screen.storyboard";
				INFOPLIST_KEY_UISupportedInterfaceOrientations = UIInterfaceOrientationPortrait;
				INFOPLIST_KEY_UISupportedInterfaceOrientations_iPad = "UIInterfaceOrientationLandscapeLeft UIInterfaceOrientationLandscapeRight UIInterfaceOrientationPortrait UIInterfaceOrientationPortraitUpsideDown";
				IPHONEOS_DEPLOYMENT_TARGET = 16.0;
				LD_RUNPATH_SEARCH_PATHS = (
					"$(inherited)",
					"@executable_path/Frameworks",
				);
				MARKETING_VERSION = 1.1.1;
				PRODUCT_BUNDLE_IDENTIFIER = com.daeyunkwon.ToDoMeong;
				PRODUCT_NAME = "$(TARGET_NAME)";
				SUPPORTED_PLATFORMS = "iphoneos iphonesimulator";
				SUPPORTS_MACCATALYST = NO;
				SUPPORTS_MAC_DESIGNED_FOR_IPHONE_IPAD = NO;
				SUPPORTS_XR_DESIGNED_FOR_IPHONE_IPAD = NO;
				SWIFT_EMIT_LOC_STRINGS = YES;
				SWIFT_VERSION = 5.0;
				TARGETED_DEVICE_FAMILY = 1;
			};
			name = Debug;
		};
		44ED3AD32C92E3F300E3E9CF /* Release */ = {
			isa = XCBuildConfiguration;
			buildSettings = {
				ALWAYS_EMBED_SWIFT_STANDARD_LIBRARIES = YES;
				ASSETCATALOG_COMPILER_APPICON_NAME = AppIcon;
				ASSETCATALOG_COMPILER_GLOBAL_ACCENT_COLOR_NAME = AccentColor;
				CODE_SIGN_ENTITLEMENTS = ToDoMeong/ToDoMeong.entitlements;
				CODE_SIGN_STYLE = Automatic;
				CURRENT_PROJECT_VERSION = 2;
				DEVELOPMENT_ASSET_PATHS = "\"ToDoMeong/Resource/Preview Content\"";
				DEVELOPMENT_TEAM = 9M37U587ZT;
				ENABLE_PREVIEWS = YES;
				GENERATE_INFOPLIST_FILE = YES;
				INFOPLIST_FILE = ToDoMeong/Resource/Info.plist;
				INFOPLIST_KEY_CFBundleDisplayName = ToDoMeong;
				INFOPLIST_KEY_UIApplicationSceneManifest_Generation = YES;
				INFOPLIST_KEY_UIApplicationSupportsIndirectInputEvents = YES;
				INFOPLIST_KEY_UILaunchStoryboardName = "Launch Screen.storyboard";
				INFOPLIST_KEY_UISupportedInterfaceOrientations = UIInterfaceOrientationPortrait;
				INFOPLIST_KEY_UISupportedInterfaceOrientations_iPad = "UIInterfaceOrientationLandscapeLeft UIInterfaceOrientationLandscapeRight UIInterfaceOrientationPortrait UIInterfaceOrientationPortraitUpsideDown";
				IPHONEOS_DEPLOYMENT_TARGET = 16.0;
				LD_RUNPATH_SEARCH_PATHS = (
					"$(inherited)",
					"@executable_path/Frameworks",
				);
				MARKETING_VERSION = 1.1.1;
				PRODUCT_BUNDLE_IDENTIFIER = com.daeyunkwon.ToDoMeong;
				PRODUCT_NAME = "$(TARGET_NAME)";
				SUPPORTED_PLATFORMS = "iphoneos iphonesimulator";
				SUPPORTS_MACCATALYST = NO;
				SUPPORTS_MAC_DESIGNED_FOR_IPHONE_IPAD = NO;
				SUPPORTS_XR_DESIGNED_FOR_IPHONE_IPAD = NO;
				SWIFT_EMIT_LOC_STRINGS = YES;
				SWIFT_VERSION = 5.0;
				TARGETED_DEVICE_FAMILY = 1;
			};
			name = Release;
		};
/* End XCBuildConfiguration section */

/* Begin XCConfigurationList section */
		444DE6482CC63B3D00821269 /* Build configuration list for PBXNativeTarget "ToDoMeongBasicWidgetExtension" */ = {
			isa = XCConfigurationList;
			buildConfigurations = (
				444DE6462CC63B3D00821269 /* Debug */,
				444DE6472CC63B3D00821269 /* Release */,
			);
			defaultConfigurationIsVisible = 0;
			defaultConfigurationName = Release;
		};
		44ED3ABE2C92E3F200E3E9CF /* Build configuration list for PBXProject "ToDoMeong" */ = {
			isa = XCConfigurationList;
			buildConfigurations = (
				44ED3ACF2C92E3F300E3E9CF /* Debug */,
				44ED3AD02C92E3F300E3E9CF /* Release */,
			);
			defaultConfigurationIsVisible = 0;
			defaultConfigurationName = Release;
		};
		44ED3AD12C92E3F300E3E9CF /* Build configuration list for PBXNativeTarget "ToDoMeong" */ = {
			isa = XCConfigurationList;
			buildConfigurations = (
				44ED3AD22C92E3F300E3E9CF /* Debug */,
				44ED3AD32C92E3F300E3E9CF /* Release */,
			);
			defaultConfigurationIsVisible = 0;
			defaultConfigurationName = Release;
		};
/* End XCConfigurationList section */

/* Begin XCRemoteSwiftPackageReference section */
		448960002C9C85AB00410DA7 /* XCRemoteSwiftPackageReference "FSCalendar" */ = {
			isa = XCRemoteSwiftPackageReference;
			repositoryURL = "https://github.com/WenchaoD/FSCalendar";
			requirement = {
				kind = upToNextMajorVersion;
				minimumVersion = 2.8.4;
			};
		};
		44ED3AF92C97269F00E3E9CF /* XCRemoteSwiftPackageReference "PopupView" */ = {
			isa = XCRemoteSwiftPackageReference;
			repositoryURL = "https://github.com/exyte/PopupView.git";
			requirement = {
				kind = upToNextMajorVersion;
				minimumVersion = 3.1.0;
			};
		};
		44ED3B032C97F81B00E3E9CF /* XCRemoteSwiftPackageReference "realm-swift" */ = {
			isa = XCRemoteSwiftPackageReference;
			repositoryURL = "https://github.com/realm/realm-swift";
			requirement = {
				kind = exactVersion;
				version = 20.0.0;
			};
		};
/* End XCRemoteSwiftPackageReference section */

/* Begin XCSwiftPackageProductDependency section */
		448960012C9C85AB00410DA7 /* FSCalendar */ = {
			isa = XCSwiftPackageProductDependency;
			package = 448960002C9C85AB00410DA7 /* XCRemoteSwiftPackageReference "FSCalendar" */;
			productName = FSCalendar;
		};
		44ED3AFA2C97269F00E3E9CF /* PopupView */ = {
			isa = XCSwiftPackageProductDependency;
			package = 44ED3AF92C97269F00E3E9CF /* XCRemoteSwiftPackageReference "PopupView" */;
			productName = PopupView;
		};
		44ED3B042C97F81B00E3E9CF /* RealmSwift */ = {
			isa = XCSwiftPackageProductDependency;
			package = 44ED3B032C97F81B00E3E9CF /* XCRemoteSwiftPackageReference "realm-swift" */;
			productName = RealmSwift;
		};
/* End XCSwiftPackageProductDependency section */
	};
	rootObject = 44ED3ABB2C92E3F200E3E9CF /* Project object */;
}
